
Microsoft Visual Studio Solution File, Format Version 12.00
# Visual Studio 15
VisualStudioVersion = 15.0.26124.0
MinimumVisualStudioVersion = 15.0.26124.0
Project("{2150E333-8FDC-42A3-9474-1A3956D46DE8}") = "src", "src", "{5761C8C5-8E93-4E92-B268-870D704EBCB6}"
EndProject
Project("{FAE04EC0-301F-11D3-BF4B-00C04F79EFBC}") = "Meteo.Api", "src\Meteo.Api\Meteo.Api.csproj", "{6309E53E-1B24-49CF-A37D-4AB453430D6B}"
EndProject
Project("{FAE04EC0-301F-11D3-BF4B-00C04F79EFBC}") = "Meteo.Core", "src\Meteo.Core\Meteo.Core.csproj", "{79C31E22-58EF-4B92-B0AB-2EAD76107498}"
EndProject
Project("{2150E333-8FDC-42A3-9474-1A3956D46DE8}") = "tests", "tests", "{2A907DA7-A2E5-4B05-9E7F-9EBF2A0B0220}"
EndProject
Project("{FAE04EC0-301F-11D3-BF4B-00C04F79EFBC}") = "Meteo.Tests", "tests\Meteo.Tests\Meteo.Tests.csproj", "{B9D38112-D000-4CAB-8CDE-65F847725E4A}"
EndProject
Project("{FAE04EC0-301F-11D3-BF4B-00C04F79EFBC}") = "Meteo.Tests.EndToEnd", "tests\Meteo.Tests.EndToEnd\Meteo.Tests.EndToEnd.csproj", "{E21E0567-EE3A-48EA-9E33-D2DCD9C58E56}"
EndProject
Global
	GlobalSection(SolutionConfigurationPlatforms) = preSolution
		Debug|Any CPU = Debug|Any CPU
		Debug|x64 = Debug|x64
		Debug|x86 = Debug|x86
		Release|Any CPU = Release|Any CPU
		Release|x64 = Release|x64
		Release|x86 = Release|x86
	EndGlobalSection
	GlobalSection(SolutionProperties) = preSolution
		HideSolutionNode = FALSE
	EndGlobalSection
	GlobalSection(ProjectConfigurationPlatforms) = postSolution
		{6309E53E-1B24-49CF-A37D-4AB453430D6B}.Debug|Any CPU.ActiveCfg = Debug|Any CPU
		{6309E53E-1B24-49CF-A37D-4AB453430D6B}.Debug|Any CPU.Build.0 = Debug|Any CPU
		{6309E53E-1B24-49CF-A37D-4AB453430D6B}.Debug|x64.ActiveCfg = Debug|x64
		{6309E53E-1B24-49CF-A37D-4AB453430D6B}.Debug|x64.Build.0 = Debug|x64
		{6309E53E-1B24-49CF-A37D-4AB453430D6B}.Debug|x86.ActiveCfg = Debug|x86
		{6309E53E-1B24-49CF-A37D-4AB453430D6B}.Debug|x86.Build.0 = Debug|x86
		{6309E53E-1B24-49CF-A37D-4AB453430D6B}.Release|Any CPU.ActiveCfg = Release|Any CPU
		{6309E53E-1B24-49CF-A37D-4AB453430D6B}.Release|Any CPU.Build.0 = Release|Any CPU
		{6309E53E-1B24-49CF-A37D-4AB453430D6B}.Release|x64.ActiveCfg = Release|x64
		{6309E53E-1B24-49CF-A37D-4AB453430D6B}.Release|x64.Build.0 = Release|x64
		{6309E53E-1B24-49CF-A37D-4AB453430D6B}.Release|x86.ActiveCfg = Release|x86
		{6309E53E-1B24-49CF-A37D-4AB453430D6B}.Release|x86.Build.0 = Release|x86
		{79C31E22-58EF-4B92-B0AB-2EAD76107498}.Debug|Any CPU.ActiveCfg = Debug|Any CPU
		{79C31E22-58EF-4B92-B0AB-2EAD76107498}.Debug|Any CPU.Build.0 = Debug|Any CPU
		{79C31E22-58EF-4B92-B0AB-2EAD76107498}.Debug|x64.ActiveCfg = Debug|x64
		{79C31E22-58EF-4B92-B0AB-2EAD76107498}.Debug|x64.Build.0 = Debug|x64
		{79C31E22-58EF-4B92-B0AB-2EAD76107498}.Debug|x86.ActiveCfg = Debug|x86
		{79C31E22-58EF-4B92-B0AB-2EAD76107498}.Debug|x86.Build.0 = Debug|x86
		{79C31E22-58EF-4B92-B0AB-2EAD76107498}.Release|Any CPU.ActiveCfg = Release|Any CPU
		{79C31E22-58EF-4B92-B0AB-2EAD76107498}.Release|Any CPU.Build.0 = Release|Any CPU
		{79C31E22-58EF-4B92-B0AB-2EAD76107498}.Release|x64.ActiveCfg = Release|x64
		{79C31E22-58EF-4B92-B0AB-2EAD76107498}.Release|x64.Build.0 = Release|x64
		{79C31E22-58EF-4B92-B0AB-2EAD76107498}.Release|x86.ActiveCfg = Release|x86
		{79C31E22-58EF-4B92-B0AB-2EAD76107498}.Release|x86.Build.0 = Release|x86
		{B9D38112-D000-4CAB-8CDE-65F847725E4A}.Debug|Any CPU.ActiveCfg = Debug|Any CPU
		{B9D38112-D000-4CAB-8CDE-65F847725E4A}.Debug|Any CPU.Build.0 = Debug|Any CPU
		{B9D38112-D000-4CAB-8CDE-65F847725E4A}.Debug|x64.ActiveCfg = Debug|x64
		{B9D38112-D000-4CAB-8CDE-65F847725E4A}.Debug|x64.Build.0 = Debug|x64
		{B9D38112-D000-4CAB-8CDE-65F847725E4A}.Debug|x86.ActiveCfg = Debug|x86
		{B9D38112-D000-4CAB-8CDE-65F847725E4A}.Debug|x86.Build.0 = Debug|x86
		{B9D38112-D000-4CAB-8CDE-65F847725E4A}.Release|Any CPU.ActiveCfg = Release|Any CPU
		{B9D38112-D000-4CAB-8CDE-65F847725E4A}.Release|Any CPU.Build.0 = Release|Any CPU
		{B9D38112-D000-4CAB-8CDE-65F847725E4A}.Release|x64.ActiveCfg = Release|x64
		{B9D38112-D000-4CAB-8CDE-65F847725E4A}.Release|x64.Build.0 = Release|x64
		{B9D38112-D000-4CAB-8CDE-65F847725E4A}.Release|x86.ActiveCfg = Release|x86
		{B9D38112-D000-4CAB-8CDE-65F847725E4A}.Release|x86.Build.0 = Release|x86
		{E21E0567-EE3A-48EA-9E33-D2DCD9C58E56}.Debug|Any CPU.ActiveCfg = Debug|Any CPU
		{E21E0567-EE3A-48EA-9E33-D2DCD9C58E56}.Debug|Any CPU.Build.0 = Debug|Any CPU
		{E21E0567-EE3A-48EA-9E33-D2DCD9C58E56}.Debug|x64.ActiveCfg = Debug|x64
		{E21E0567-EE3A-48EA-9E33-D2DCD9C58E56}.Debug|x64.Build.0 = Debug|x64
		{E21E0567-EE3A-48EA-9E33-D2DCD9C58E56}.Debug|x86.ActiveCfg = Debug|x86
		{E21E0567-EE3A-48EA-9E33-D2DCD9C58E56}.Debug|x86.Build.0 = Debug|x86
		{E21E0567-EE3A-48EA-9E33-D2DCD9C58E56}.Release|Any CPU.ActiveCfg = Release|Any CPU
		{E21E0567-EE3A-48EA-9E33-D2DCD9C58E56}.Release|Any CPU.Build.0 = Release|Any CPU
		{E21E0567-EE3A-48EA-9E33-D2DCD9C58E56}.Release|x64.ActiveCfg = Release|x64
		{E21E0567-EE3A-48EA-9E33-D2DCD9C58E56}.Release|x64.Build.0 = Release|x64
		{E21E0567-EE3A-48EA-9E33-D2DCD9C58E56}.Release|x86.ActiveCfg = Release|x86
		{E21E0567-EE3A-48EA-9E33-D2DCD9C58E56}.Release|x86.Build.0 = Release|x86
	EndGlobalSection
	GlobalSection(NestedProjects) = preSolution
		{6309E53E-1B24-49CF-A37D-4AB453430D6B} = {5761C8C5-8E93-4E92-B268-870D704EBCB6}
		{79C31E22-58EF-4B92-B0AB-2EAD76107498} = {5761C8C5-8E93-4E92-B268-870D704EBCB6}
		{B9D38112-D000-4CAB-8CDE-65F847725E4A} = {2A907DA7-A2E5-4B05-9E7F-9EBF2A0B0220}
		{E21E0567-EE3A-48EA-9E33-D2DCD9C58E56} = {2A907DA7-A2E5-4B05-9E7F-9EBF2A0B0220}
	EndGlobalSection
EndGlobal
